
Microsoft Visual Studio Solution File, Format Version 12.00
# Visual Studio Version 17
VisualStudioVersion = 17.8.34408.163
MinimumVisualStudioVersion = 10.0.40219.1
Project("{FAE04EC0-301F-11D3-BF4B-00C04F79EFBC}") = "TicTacToe", "TicTacToe.csproj", "{C7FDEF2E-7D00-4920-8C76-458219258947}"
EndProject
Global
	GlobalSection(SolutionConfigurationPlatforms) = preSolution
		Debug|Any CPU = Debug|Any CPU
		Release|Any CPU = Release|Any CPU
	EndGlobalSection
	GlobalSection(ProjectConfigurationPlatforms) = postSolution
		{C7FDEF2E-7D00-4920-8C76-458219258947}.Debug|Any CPU.ActiveCfg = Debug|Any CPU
		{C7FDEF2E-7D00-4920-8C76-458219258947}.Debug|Any CPU.Build.0 = Debug|Any CPU
		{C7FDEF2E-7D00-4920-8C76-458219258947}.Release|Any CPU.ActiveCfg = Release|Any CPU
		{C7FDEF2E-7D00-4920-8C76-458219258947}.Release|Any CPU.Build.0 = Release|Any CPU
	EndGlobalSection
	GlobalSection(SolutionProperties) = preSolution
		HideSolutionNode = FALSE
	EndGlobalSection
	GlobalSection(ExtensibilityGlobals) = postSolution
		SolutionGuid = {789908AD-B02D-4BB6-8990-466F7336395D}
	EndGlobalSection
EndGlobal
